lockfile_version: '1'
generated_at: '2026-07-01T14:15:27.917401+00:00'
apm_version: 0.23.1
dependencies:
- repo_url: juspay/kolu
  name: kolu
  host: github.com
  resolved_commit: 5623271808cb3023b338a0ea63c319cf43dc92e4
  version: 1.0.0
  virtual_path: agents/.apm/skills/kolu
  is_virtual: true
  package_type: claude_skill
  deployed_files:
  - .agents/skills/kolu
  - .agents/skills/kolu/SKILL.md
  - .claude/skills/kolu
  - .claude/skills/kolu/SKILL.md
  deployed_file_hashes:
    .agents/skills/kolu/SKILL.md: sha256:3613c5e99ec405c75ee070ed993ded22a37eea872d71e9e173ae9526104339bb
    .claude/skills/kolu/SKILL.md: sha256:3613c5e99ec405c75ee070ed993ded22a37eea872d71e9e173ae9526104339bb
  content_hash: sha256:9db4e9ec6aa816c026624dc54bd6a15c16693da546bb2c16573b34d47b958037
local_deployed_files:
- .agents/skills/debate
- .agents/skills/debate/SKILL.md
- .claude/skills/debate
- .claude/skills/debate/SKILL.md
local_deployed_file_hashes:
  .agents/skills/debate/SKILL.md: sha256:af2c34cda04a8705d9c292be4a6c7b7fe53b22bb8ef526f8413638948600e825
  .claude/skills/debate/SKILL.md: sha256:af2c34cda04a8705d9c292be4a6c7b7fe53b22bb8ef526f8413638948600e825
